// !$*UTF8*$!
{
	archiveVersion = 1;
	classes = {
	};
	objectVersion = 46;
	objects = {

/* Begin PBXBuildFile section */
		06070F1B1C375A69000C09A6 /* AppDelegate.swift in Sources */ = {isa = PBXBuildFile; fileRef = 06070F1A1C375A69000C09A6 /* AppDelegate.swift */; };
		06070F1D1C375A69000C09A6 /* ViewController.swift in Sources */ = {isa = PBXBuildFile; fileRef = 06070F1C1C375A69000C09A6 /* ViewController.swift */; };
		06070F221C375A69000C09A6 /* Assets.xcassets in Resources */ = {isa = PBXBuildFile; fileRef = 06070F211C375A69000C09A6 /* Assets.xcassets */; };
		06070F251C375A69000C09A6 /* LaunchScreen.storyboard in Resources */ = {isa = PBXBuildFile; fileRef = 06070F231C375A69000C09A6 /* LaunchScreen.storyboard */; };
		06070F2E1C375D11000C09A6 /* Position.swift in Sources */ = {isa = PBXBuildFile; fileRef = 06070F2D1C375D11000C09A6 /* Position.swift */; };
		06223E7E1C48C15100AD804F /* CoreLocation.framework in Frameworks */ = {isa = PBXBuildFile; fileRef = 06223E7D1C48C15100AD804F /* CoreLocation.framework */; };
/* End PBXBuildFile section */

/* Begin PBXFileReference section */
		06070F171C375A68000C09A6 /* Position.app */ = {isa = PBXFileReference; explicitFileType = wrapper.application; includeInIndex = 0; path = Position.app; sourceTree = BUILT_PRODUCTS_DIR; };
		06070F1A1C375A69000C09A6 /* AppDelegate.swift */ = {isa = PBXFileReference; lastKnownFileType = sourcecode.swift; path = AppDelegate.swift; sourceTree = "<group>"; };
		06070F1C1C375A69000C09A6 /* ViewController.swift */ = {isa = PBXFileReference; lastKnownFileType = sourcecode.swift; path = ViewController.swift; sourceTree = "<group>"; };
		06070F211C375A69000C09A6 /* Assets.xcassets */ = {isa = PBXFileReference; lastKnownFileType = folder.assetcatalog; path = Assets.xcassets; sourceTree = "<group>"; };
		06070F241C375A69000C09A6 /* Base */ = {isa = PBXFileReference; lastKnownFileType = file.storyboard; name = Base; path = Base.lproj/LaunchScreen.storyboard; sourceTree = "<group>"; };
		06070F261C375A69000C09A6 /* Info.plist */ = {isa = PBXFileReference; lastKnownFileType = text.plist.xml; path = Info.plist; sourceTree = "<group>"; };
		06070F2D1C375D11000C09A6 /* Position.swift */ = {isa = PBXFileReference; fileEncoding = 4; lastKnownFileType = sourcecode.swift; name = Position.swift; path = ../../Sources/Position.swift; sourceTree = "<group>"; };
		06070F301C375D71000C09A6 /* Base.xcconfig */ = {isa = PBXFileReference; lastKnownFileType = text.xcconfig; path = Base.xcconfig; sourceTree = SOURCE_ROOT; };
		06070F311C375D71000C09A6 /* Debug.xcconfig */ = {isa = PBXFileReference; lastKnownFileType = text.xcconfig; path = Debug.xcconfig; sourceTree = SOURCE_ROOT; };
		06070F321C375D71000C09A6 /* Release.xcconfig */ = {isa = PBXFileReference; lastKnownFileType = text.xcconfig; path = Release.xcconfig; sourceTree = SOURCE_ROOT; };
		06223E7D1C48C15100AD804F /* CoreLocation.framework */ = {isa = PBXFileReference; lastKnownFileType = wrapper.framework; name = CoreLocation.framework; path = System/Library/Frameworks/CoreLocation.framework; sourceTree = SDKROOT; };
/* End PBXFileReference section */

/* Begin PBXFrameworksBuildPhase section */
		06070F141C375A68000C09A6 /* Frameworks */ = {
			isa = PBXFrameworksBuildPhase;
			buildActionMask = 2147483647;
			files = (
				06223E7E1C48C15100AD804F /* CoreLocation.framework in Frameworks */,
			);
			runOnlyForDeploymentPostprocessing = 0;
		};
/* End PBXFrameworksBuildPhase section */

/* Begin PBXGroup section */
		06070F0E1C375A68000C09A6 = {
			isa = PBXGroup;
			children = (
				06070F2C1C375D03000C09A6 /* Position */,
				06070F191C375A69000C09A6 /* App */,
				06070F181C375A68000C09A6 /* Products */,
			);
			sourceTree = "<group>";
		};
		06070F181C375A68000C09A6 /* Products */ = {
			isa = PBXGroup;
			children = (
				06070F171C375A68000C09A6 /* Position.app */,
			);
			name = Products;
			sourceTree = "<group>";
		};
		06070F191C375A69000C09A6 /* App */ = {
			isa = PBXGroup;
			children = (
				06070F1A1C375A69000C09A6 /* AppDelegate.swift */,
				06070F1C1C375A69000C09A6 /* ViewController.swift */,
				06070F211C375A69000C09A6 /* Assets.xcassets */,
				06070F231C375A69000C09A6 /* LaunchScreen.storyboard */,
				06223E7F1C48C15800AD804F /* Frameworks */,
				06070F2F1C375D25000C09A6 /* Supporting Files */,
			);
			name = App;
			path = Position;
			sourceTree = "<group>";
		};
		06070F2C1C375D03000C09A6 /* Position */ = {
			isa = PBXGroup;
			children = (
				06070F2D1C375D11000C09A6 /* Position.swift */,
			);
			path = Position;
			sourceTree = "<group>";
		};
		06070F2F1C375D25000C09A6 /* Supporting Files */ = {
			isa = PBXGroup;
			children = (
				06070F301C375D71000C09A6 /* Base.xcconfig */,
				06070F311C375D71000C09A6 /* Debug.xcconfig */,
				06070F321C375D71000C09A6 /* Release.xcconfig */,
				06070F261C375A69000C09A6 /* Info.plist */,
			);
			name = "Supporting Files";
			sourceTree = "<group>";
		};
		06223E7F1C48C15800AD804F /* Frameworks */ = {
			isa = PBXGroup;
			children = (
				06223E7D1C48C15100AD804F /* CoreLocation.framework */,
			);
			name = Frameworks;
			sourceTree = "<group>";
		};
/* End PBXGroup section */

/* Begin PBXNativeTarget section */
		06070F161C375A68000C09A6 /* Position */ = {
			isa = PBXNativeTarget;
			buildConfigurationList = 06070F291C375A69000C09A6 /* Build configuration list for PBXNativeTarget "Position" */;
			buildPhases = (
				06070F131C375A68000C09A6 /* Sources */,
				06070F141C375A68000C09A6 /* Frameworks */,
				06070F151C375A68000C09A6 /* Resources */,
			);
			buildRules = (
			);
			dependencies = (
			);
			name = Position;
			productName = Position;
			productReference = 06070F171C375A68000C09A6 /* Position.app */;
			productType = "com.apple.product-type.application";
		};
/* End PBXNativeTarget section */

/* Begin PBXProject section */
		06070F0F1C375A68000C09A6 /* Project object */ = {
			isa = PBXProject;
			attributes = {
				LastSwiftUpdateCheck = 0720;
				LastUpgradeCheck = 0800;
				ORGANIZATIONNAME = "Patrick Piemonte";
				TargetAttributes = {
					06070F161C375A68000C09A6 = {
						CreatedOnToolsVersion = 7.2;
						LastSwiftMigration = 0800;
						SystemCapabilities = {
							com.apple.BackgroundModes = {
								enabled = 1;
							};
						};
					};
				};
			};
			buildConfigurationList = 06070F121C375A68000C09A6 /* Build configuration list for PBXProject "Position" */;
			compatibilityVersion = "Xcode 3.2";
			developmentRegion = English;
			hasScannedForEncodings = 0;
			knownRegions = (
				en,
				Base,
			);
			mainGroup = 06070F0E1C375A68000C09A6;
			productRefGroup = 06070F181C375A68000C09A6 /* Products */;
			projectDirPath = "";
			projectRoot = "";
			targets = (
				06070F161C375A68000C09A6 /* Position */,
			);
		};
/* End PBXProject section */

/* Begin PBXResourcesBuildPhase section */
		06070F151C375A68000C09A6 /* Resources */ = {
			isa = PBXResourcesBuildPhase;
			buildActionMask = 2147483647;
			files = (
				06070F251C375A69000C09A6 /* LaunchScreen.storyboard in Resources */,
				06070F221C375A69000C09A6 /* Assets.xcassets in Resources */,
			);
			runOnlyForDeploymentPostprocessing = 0;
		};
/* End PBXResourcesBuildPhase section */

/* Begin PBXSourcesBuildPhase section */
		06070F131C375A68000C09A6 /* Sources */ = {
			isa = PBXSourcesBuildPhase;
			buildActionMask = 2147483647;
			files = (
				06070F1D1C375A69000C09A6 /* ViewController.swift in Sources */,
				06070F1B1C375A69000C09A6 /* AppDelegate.swift in Sources */,
				06070F2E1C375D11000C09A6 /* Position.swift in Sources */,
			);
			runOnlyForDeploymentPostprocessing = 0;
		};
/* End PBXSourcesBuildPhase section */

/* Begin PBXVariantGroup section */
		06070F231C375A69000C09A6 /* LaunchScreen.storyboard */ = {
			isa = PBXVariantGroup;
			children = (
				06070F241C375A69000C09A6 /* Base */,
			);
			name = LaunchScreen.storyboard;
			sourceTree = "<group>";
		};
/* End PBXVariantGroup section */

/* Begin XCBuildConfiguration section */
		06070F271C375A69000C09A6 /* Debug */ = {
			isa = XCBuildConfiguration;
			buildSettings = {
				ALWAYS_SEARCH_USER_PATHS = NO;
				CLANG_CXX_LANGUAGE_STANDARD = "gnu++0x";
				CLANG_CXX_LIBRARY = "libc++";
				CLANG_ENABLE_MODULES = YES;
				CLANG_ENABLE_OBJC_ARC = YES;
				CLANG_WARN_BOOL_CONVERSION = YES;
				CLANG_WARN_CONSTANT_CONVERSION = YES;
				CLANG_WARN_DIRECT_OBJC_ISA_USAGE = YES_ERROR;
				CLANG_WARN_EMPTY_BODY = YES;
				CLANG_WARN_ENUM_CONVERSION = YES;
				CLANG_WARN_INFINITE_RECURSION = YES;
				CLANG_WARN_INT_CONVERSION = YES;
				CLANG_WARN_OBJC_ROOT_CLASS = YES_ERROR;
				CLANG_WARN_SUSPICIOUS_MOVE = YES;
				CLANG_WARN_UNREACHABLE_CODE = YES;
				CLANG_WARN__DUPLICATE_METHOD_MATCH = YES;
				"CODE_SIGN_IDENTITY[sdk=iphoneos*]" = "iPhone Developer";
				COPY_PHASE_STRIP = NO;
				DEBUG_INFORMATION_FORMAT = dwarf;
				ENABLE_STRICT_OBJC_MSGSEND = YES;
				ENABLE_TESTABILITY = YES;
				GCC_C_LANGUAGE_STANDARD = gnu99;
				GCC_DYNAMIC_NO_PIC = NO;
				GCC_NO_COMMON_BLOCKS = YES;
				GCC_OPTIMIZATION_LEVEL = 0;
				GCC_PREPROCESSOR_DEFINITIONS = (
					"DEBUG=1",
					"$(inherited)",
				);
				GCC_WARN_64_TO_32_BIT_CONVERSION = YES;
				GCC_WARN_ABOUT_RETURN_TYPE = YES_ERROR;
				GCC_WARN_UNDECLARED_SELECTOR = YES;
				GCC_WARN_UNINITIALIZED_AUTOS = YES_AGGRESSIVE;
				GCC_WARN_UNUSED_FUNCTION = YES;
				GCC_WARN_UNUSED_VARIABLE = YES;
				IPHONEOS_DEPLOYMENT_TARGET = 9.2;
				MTL_ENABLE_DEBUG_INFO = YES;
				ONLY_ACTIVE_ARCH = YES;
				SDKROOT = iphoneos;
				SWIFT_OPTIMIZATION_LEVEL = "-Onone";
			};
			name = Debug;
		};
		06070F281C375A69000C09A6 /* Release */ = {
			isa = XCBuildConfiguration;
			buildSettings = {
				ALWAYS_SEARCH_USER_PATHS = NO;
				CLANG_CXX_LANGUAGE_STANDARD = "gnu++0x";
				CLANG_CXX_LIBRARY = "libc++";
				CLANG_ENABLE_MODULES = YES;
				CLANG_ENABLE_OBJC_ARC = YES;
				CLANG_WARN_BOOL_CONVERSION = YES;
				CLANG_WARN_CONSTANT_CONVERSION = YES;
				CLANG_WARN_DIRECT_OBJC_ISA_USAGE = YES_ERROR;
				CLANG_WARN_EMPTY_BODY = YES;
				CLANG_WARN_ENUM_CONVERSION = YES;
				CLANG_WARN_INFINITE_RECURSION = YES;
				CLANG_WARN_INT_CONVERSION = YES;
				CLANG_WARN_OBJC_ROOT_CLASS = YES_ERROR;
				CLANG_WARN_SUSPICIOUS_MOVE = YES;
				CLANG_WARN_UNREACHABLE_CODE = YES;
				CLANG_WARN__DUPLICATE_METHOD_MATCH = YES;
				"CODE_SIGN_IDENTITY[sdk=iphoneos*]" = "iPhone Developer";
				COPY_PHASE_STRIP = NO;
				DEBUG_INFORMATION_FORMAT = "dwarf-with-dsym";
				ENABLE_NS_ASSERTIONS = NO;
				ENABLE_STRICT_OBJC_MSGSEND = YES;
				GCC_C_LANGUAGE_STANDARD = gnu99;
				GCC_NO_COMMON_BLOCKS = YES;
				GCC_WARN_64_TO_32_BIT_CONVERSION = YES;
				GCC_WARN_ABOUT_RETURN_TYPE = YES_ERROR;
				GCC_WARN_UNDECLARED_SELECTOR = YES;
				GCC_WARN_UNINITIALIZED_AUTOS = YES_AGGRESSIVE;
				GCC_WARN_UNUSED_FUNCTION = YES;
				GCC_WARN_UNUSED_VARIABLE = YES;
				IPHONEOS_DEPLOYMENT_TARGET = 9.2;
				MTL_ENABLE_DEBUG_INFO = NO;
				SDKROOT = iphoneos;
				VALIDATE_PRODUCT = YES;
			};
			name = Release;
		};
		06070F2A1C375A69000C09A6 /* Debug */ = {
			isa = XCBuildConfiguration;
			buildSettings = {
				ASSETCATALOG_COMPILER_APPICON_NAME = AppIcon;
				INFOPLIST_FILE = Position/Info.plist;
				IPHONEOS_DEPLOYMENT_TARGET = 9.0;
				LD_RUNPATH_SEARCH_PATHS = "$(inherited) @executable_path/Frameworks";
				PRODUCT_BUNDLE_IDENTIFIER = com.patrickpiemonte.Position;
				PRODUCT_NAME = "$(TARGET_NAME)";
				SWIFT_VERSION = 3.0;
			};
			name = Debug;
		};
		06070F2B1C375A69000C09A6 /* Release */ = {
			isa = XCBuildConfiguration;
			buildSettings = {
				ASSETCATALOG_COMPILER_APPICON_NAME = AppIcon;
				INFOPLIST_FILE = Position/Info.plist;
				IPHONEOS_DEPLOYMENT_TARGET = 9.0;
				LD_RUNPATH_SEARCH_PATHS = "$(inherited) @executable_path/Frameworks";
				PRODUCT_BUNDLE_IDENTIFIER = com.patrickpiemonte.Position;
				PRODUCT_NAME = "$(TARGET_NAME)";
				SWIFT_OPTIMIZATION_LEVEL = "-Owholemodule";
				SWIFT_VERSION = 3.0;
			};
			name = Release;
		};
/* End XCBuildConfiguration section */

/* Begin XCConfigurationList section */
		06070F121C375A68000C09A6 /* Build configuration list for PBXProject "Position" */ = {
			isa = XCConfigurationList;
			buildConfigurations = (
				06070F271C375A69000C09A6 /* Debug */,
				06070F281C375A69000C09A6 /* Release */,
			);
			defaultConfigurationIsVisible = 0;
			defaultConfigurationName = Release;
		};
		06070F291C375A69000C09A6 /* Build configuration list for PBXNativeTarget "Position" */ = {
			isa = XCConfigurationList;
			buildConfigurations = (
				06070F2A1C375A69000C09A6 /* Debug */,
				06070F2B1C375A69000C09A6 /* Release */,
			);
			defaultConfigurationIsVisible = 0;
			defaultConfigurationName = Release;
		};
/* End XCConfigurationList section */
	};
	rootObject = 06070F0F1C375A68000C09A6 /* Project object */;
}
